
Microsoft Visual Studio Solution File, Format Version 12.00
# Visual Studio 15
VisualStudioVersion = 15.0.26124.0
MinimumVisualStudioVersion = 15.0.26124.0
Project("{2150E333-8FDC-42A3-9474-1A3956D46DE8}") = "src", "src", "{E6EC3CFC-86E9-432D-8475-1BF9B764BC22}"
EndProject
Project("{2150E333-8FDC-42A3-9474-1A3956D46DE8}") = "test", "test", "{E2A97086-FDD7-4BA5-9E29-9EC578AED65B}"
EndProject
Project("{9A19103F-16F7-4668-BE54-9A1E7A4F7556}") = "SessionPlanner.API", "src\SessionPlanner.API\SessionPlanner.API.csproj", "{7007EFF3-1661-4C12-A959-C12276DE45C1}"
EndProject
Project("{9A19103F-16F7-4668-BE54-9A1E7A4F7556}") = "SessionPlanner.Domain", "src\SessionPlanner.Domain\SessionPlanner.Domain.csproj", "{4D8A8354-162C-444D-AED3-CC9DDF7325D2}"
EndProject
Project("{9A19103F-16F7-4668-BE54-9A1E7A4F7556}") = "SessionPlanner.Infrastructure", "src\SessionPlanner.Infrastructure\SessionPlanner.Infrastructure.csproj", "{21FE9A50-934E-497E-B59F-83F18DA52A4C}"
EndProject
Project("{9A19103F-16F7-4668-BE54-9A1E7A4F7556}") = "SessionPlanner.Domain.Tests", "test\SessionPlanner.Domain.Tests\SessionPlanner.Domain.Tests.csproj", "{785B6A05-BB74-435B-9822-DF775C82FA74}"
EndProject
Project("{9A19103F-16F7-4668-BE54-9A1E7A4F7556}") = "SessionPlanner.Infrastructure.Tests", "test\SessionPlanner.Infrastructure.Tests\SessionPlanner.Infrastructure.Tests.csproj", "{47A0E235-EA08-448E-B2E1-96913FFD89CF}"
EndProject
Global
	GlobalSection(SolutionConfigurationPlatforms) = preSolution
		Debug|Any CPU = Debug|Any CPU
		Debug|x64 = Debug|x64
		Debug|x86 = Debug|x86
		Release|Any CPU = Release|Any CPU
		Release|x64 = Release|x64
		Release|x86 = Release|x86
	EndGlobalSection
	GlobalSection(ProjectConfigurationPlatforms) = postSolution
		{7007EFF3-1661-4C12-A959-C12276DE45C1}.Debug|Any CPU.ActiveCfg = Debug|Any CPU
		{7007EFF3-1661-4C12-A959-C12276DE45C1}.Debug|Any CPU.Build.0 = Debug|Any CPU
		{7007EFF3-1661-4C12-A959-C12276DE45C1}.Debug|x64.ActiveCfg = Debug|Any CPU
		{7007EFF3-1661-4C12-A959-C12276DE45C1}.Debug|x64.Build.0 = Debug|Any CPU
		{7007EFF3-1661-4C12-A959-C12276DE45C1}.Debug|x86.ActiveCfg = Debug|Any CPU
		{7007EFF3-1661-4C12-A959-C12276DE45C1}.Debug|x86.Build.0 = Debug|Any CPU
		{7007EFF3-1661-4C12-A959-C12276DE45C1}.Release|Any CPU.ActiveCfg = Release|Any CPU
		{7007EFF3-1661-4C12-A959-C12276DE45C1}.Release|Any CPU.Build.0 = Release|Any CPU
		{7007EFF3-1661-4C12-A959-C12276DE45C1}.Release|x64.ActiveCfg = Release|Any CPU
		{7007EFF3-1661-4C12-A959-C12276DE45C1}.Release|x64.Build.0 = Release|Any CPU
		{7007EFF3-1661-4C12-A959-C12276DE45C1}.Release|x86.ActiveCfg = Release|Any CPU
		{7007EFF3-1661-4C12-A959-C12276DE45C1}.Release|x86.Build.0 = Release|Any CPU
		{4D8A8354-162C-444D-AED3-CC9DDF7325D2}.Debug|Any CPU.ActiveCfg = Debug|Any CPU
		{4D8A8354-162C-444D-AED3-CC9DDF7325D2}.Debug|Any CPU.Build.0 = Debug|Any CPU
		{4D8A8354-162C-444D-AED3-CC9DDF7325D2}.Debug|x64.ActiveCfg = Debug|Any CPU
		{4D8A8354-162C-444D-AED3-CC9DDF7325D2}.Debug|x64.Build.0 = Debug|Any CPU
		{4D8A8354-162C-444D-AED3-CC9DDF7325D2}.Debug|x86.ActiveCfg = Debug|Any CPU
		{4D8A8354-162C-444D-AED3-CC9DDF7325D2}.Debug|x86.Build.0 = Debug|Any CPU
		{4D8A8354-162C-444D-AED3-CC9DDF7325D2}.Release|Any CPU.ActiveCfg = Release|Any CPU
		{4D8A8354-162C-444D-AED3-CC9DDF7325D2}.Release|Any CPU.Build.0 = Release|Any CPU
		{4D8A8354-162C-444D-AED3-CC9DDF7325D2}.Release|x64.ActiveCfg = Release|Any CPU
		{4D8A8354-162C-444D-AED3-CC9DDF7325D2}.Release|x64.Build.0 = Release|Any CPU
		{4D8A8354-162C-444D-AED3-CC9DDF7325D2}.Release|x86.ActiveCfg = Release|Any CPU
		{4D8A8354-162C-444D-AED3-CC9DDF7325D2}.Release|x86.Build.0 = Release|Any CPU
		{21FE9A50-934E-497E-B59F-83F18DA52A4C}.Debug|Any CPU.ActiveCfg = Debug|Any CPU
		{21FE9A50-934E-497E-B59F-83F18DA52A4C}.Debug|Any CPU.Build.0 = Debug|Any CPU
		{21FE9A50-934E-497E-B59F-83F18DA52A4C}.Debug|x64.ActiveCfg = Debug|Any CPU
		{21FE9A50-934E-497E-B59F-83F18DA52A4C}.Debug|x64.Build.0 = Debug|Any CPU
		{21FE9A50-934E-497E-B59F-83F18DA52A4C}.Debug|x86.ActiveCfg = Debug|Any CPU
		{21FE9A50-934E-497E-B59F-83F18DA52A4C}.Debug|x86.Build.0 = Debug|Any CPU
		{21FE9A50-934E-497E-B59F-83F18DA52A4C}.Release|Any CPU.ActiveCfg = Release|Any CPU
		{21FE9A50-934E-497E-B59F-83F18DA52A4C}.Release|Any CPU.Build.0 = Release|Any CPU
		{21FE9A50-934E-497E-B59F-83F18DA52A4C}.Release|x64.ActiveCfg = Release|Any CPU
		{21FE9A50-934E-497E-B59F-83F18DA52A4C}.Release|x64.Build.0 = Release|Any CPU
		{21FE9A50-934E-497E-B59F-83F18DA52A4C}.Release|x86.ActiveCfg = Release|Any CPU
		{21FE9A50-934E-497E-B59F-83F18DA52A4C}.Release|x86.Build.0 = Release|Any CPU
		{785B6A05-BB74-435B-9822-DF775C82FA74}.Debug|Any CPU.ActiveCfg = Debug|Any CPU
		{785B6A05-BB74-435B-9822-DF775C82FA74}.Debug|Any CPU.Build.0 = Debug|Any CPU
		{785B6A05-BB74-435B-9822-DF775C82FA74}.Debug|x64.ActiveCfg = Debug|Any CPU
		{785B6A05-BB74-435B-9822-DF775C82FA74}.Debug|x64.Build.0 = Debug|Any CPU
		{785B6A05-BB74-435B-9822-DF775C82FA74}.Debug|x86.ActiveCfg = Debug|Any CPU
		{785B6A05-BB74-435B-9822-DF775C82FA74}.Debug|x86.Build.0 = Debug|Any CPU
		{785B6A05-BB74-435B-9822-DF775C82FA74}.Release|Any CPU.ActiveCfg = Release|Any CPU
		{785B6A05-BB74-435B-9822-DF775C82FA74}.Release|Any CPU.Build.0 = Release|Any CPU
		{785B6A05-BB74-435B-9822-DF775C82FA74}.Release|x64.ActiveCfg = Release|Any CPU
		{785B6A05-BB74-435B-9822-DF775C82FA74}.Release|x64.Build.0 = Release|Any CPU
		{785B6A05-BB74-435B-9822-DF775C82FA74}.Release|x86.ActiveCfg = Release|Any CPU
		{785B6A05-BB74-435B-9822-DF775C82FA74}.Release|x86.Build.0 = Release|Any CPU
		{47A0E235-EA08-448E-B2E1-96913FFD89CF}.Debug|Any CPU.ActiveCfg = Debug|Any CPU
		{47A0E235-EA08-448E-B2E1-96913FFD89CF}.Debug|Any CPU.Build.0 = Debug|Any CPU
		{47A0E235-EA08-448E-B2E1-96913FFD89CF}.Debug|x64.ActiveCfg = Debug|Any CPU
		{47A0E235-EA08-448E-B2E1-96913FFD89CF}.Debug|x64.Build.0 = Debug|Any CPU
		{47A0E235-EA08-448E-B2E1-96913FFD89CF}.Debug|x86.ActiveCfg = Debug|Any CPU
		{47A0E235-EA08-448E-B2E1-96913FFD89CF}.Debug|x86.Build.0 = Debug|Any CPU
		{47A0E235-EA08-448E-B2E1-96913FFD89CF}.Release|Any CPU.ActiveCfg = Release|Any CPU
		{47A0E235-EA08-448E-B2E1-96913FFD89CF}.Release|Any CPU.Build.0 = Release|Any CPU
		{47A0E235-EA08-448E-B2E1-96913FFD89CF}.Release|x64.ActiveCfg = Release|Any CPU
		{47A0E235-EA08-448E-B2E1-96913FFD89CF}.Release|x64.Build.0 = Release|Any CPU
		{47A0E235-EA08-448E-B2E1-96913FFD89CF}.Release|x86.ActiveCfg = Release|Any CPU
		{47A0E235-EA08-448E-B2E1-96913FFD89CF}.Release|x86.Build.0 = Release|Any CPU
	EndGlobalSection
	GlobalSection(SolutionProperties) = preSolution
		HideSolutionNode = FALSE
	EndGlobalSection
	GlobalSection(NestedProjects) = preSolution
		{7007EFF3-1661-4C12-A959-C12276DE45C1} = {E6EC3CFC-86E9-432D-8475-1BF9B764BC22}
		{4D8A8354-162C-444D-AED3-CC9DDF7325D2} = {E6EC3CFC-86E9-432D-8475-1BF9B764BC22}
		{21FE9A50-934E-497E-B59F-83F18DA52A4C} = {E6EC3CFC-86E9-432D-8475-1BF9B764BC22}
		{785B6A05-BB74-435B-9822-DF775C82FA74} = {E2A97086-FDD7-4BA5-9E29-9EC578AED65B}
		{47A0E235-EA08-448E-B2E1-96913FFD89CF} = {E2A97086-FDD7-4BA5-9E29-9EC578AED65B}
	EndGlobalSection
	GlobalSection(ExtensibilityGlobals) = postSolution
		SolutionGuid = {92180B32-E02A-4843-B091-C467753281C0}
	EndGlobalSection
EndGlobal
